
Microsoft Visual Studio Solution File, Format Version 12.00
# Visual Studio Version 17
VisualStudioVersion = 17.14.36717.8
MinimumVisualStudioVersion = 10.0.40219.1
Project("{2150E333-8FDC-42A3-9474-1A3956D46DE8}") = "Task0", "Task0", "{02EA681E-C7D8-13C7-8484-4AC65E1B71E8}"
EndProject
Project("{2150E333-8FDC-42A3-9474-1A3956D46DE8}") = "Task2", "Task2", "{369CB01D-A1A7-72D2-AABC-3F0945D148A2}"
EndProject
Project("{2150E333-8FDC-42A3-9474-1A3956D46DE8}") = "Task7", "Task7", "{7DC331D0-3EC4-40A6-69FB-1CBEB2E0D1EA}"
EndProject
Project("{2150E333-8FDC-42A3-9474-1A3956D46DE8}") = "Task6", "Task6", "{643747C7-0307-8931-84D8-A7D1915E22E5}"
EndProject
Project("{2150E333-8FDC-42A3-9474-1A3956D46DE8}") = "Task5", "Task5", "{5835D766-9847-1D08-5E95-5A99FD0F495D}"
EndProject
Project("{2150E333-8FDC-42A3-9474-1A3956D46DE8}") = "Task4", "Task4", "{407CAF19-D506-2637-4B8A-F4DE78C81282}"
EndProject
Project("{2150E333-8FDC-42A3-9474-1A3956D46DE8}") = "Task3", "Task3", "{1670470B-4B64-725C-D0F7-3206B6B2A88E}"
EndProject
Project("{2150E333-8FDC-42A3-9474-1A3956D46DE8}") = "Task1", "Task1", "{2E4236F4-1DF5-43BC-AA8F-3A876F93DFDC}"
EndProject
Project("{FAE04EC0-301F-11D3-BF4B-00C04F79EFBC}") = "Tyuiu.RomanovskiiMP.Sprint2.Task0.V18.Lib", "Tyuiu.RomanovskiiMP.Sprint2.Task0.V18.Lib\Tyuiu.RomanovskiiMP.Sprint2.Task0.V18.Lib.csproj", "{24B98485-0DE3-44E4-A6F0-D331211754B2}"
EndProject
Project("{FAE04EC0-301F-11D3-BF4B-00C04F79EFBC}") = "Tyuiu.RomanovskiiMP.Sprint2.Task0.V18", "Tyuiu.RomanovskiiMP.Sprint2.Task0.V18\Tyuiu.RomanovskiiMP.Sprint2.Task0.V18.csproj", "{37A99CB4-226E-490A-96BE-011F9C65A4A5}"
EndProject
Project("{FAE04EC0-301F-11D3-BF4B-00C04F79EFBC}") = "Tyuiu.RomanovskiiMP.Sprint2.Task0.V18.Test", "Tyuiu.RomanovskiiMP.Sprint2.Task0.V18.Test\Tyuiu.RomanovskiiMP.Sprint2.Task0.V18.Test.csproj", "{88DAB088-F46F-4690-A4F4-0E258993B187}"
EndProject
Project("{FAE04EC0-301F-11D3-BF4B-00C04F79EFBC}") = "Tyuiu.RomanovskiiMP.Sprint2.Task1.V3.Lib", "Tyuiu.RomanovskiiMP.Sprint2.Task1.V3.Lib\Tyuiu.RomanovskiiMP.Sprint2.Task1.V3.Lib.csproj", "{97453E19-1F30-44DD-BBE7-FE89FF65365C}"
EndProject
Project("{FAE04EC0-301F-11D3-BF4B-00C04F79EFBC}") = "Tyuiu.RomanovskiiMP.Sprint2.Task1.V3.Test", "Tyuiu.RomanovskiiMP.Sprint2.Task1.V3.Test\Tyuiu.RomanovskiiMP.Sprint2.Task1.V3.Test.csproj", "{FDFCA5E3-508E-462A-9435-993141E09CA3}"
EndProject
Project("{FAE04EC0-301F-11D3-BF4B-00C04F79EFBC}") = "Tyuiu.RomanovskiiMP.Sprint2.Task1.V3", "Tyuiu.RomanovskiiMP.Sprint2.Task1.V3\Tyuiu.RomanovskiiMP.Sprint2.Task1.V3.csproj", "{908036B8-3292-4023-A21F-39C2CCF78DB2}"
EndProject
Project("{FAE04EC0-301F-11D3-BF4B-00C04F79EFBC}") = "Tyuiu.RomanovskiiMP.Sprint2.Task2.V4.Lib", "Tyuiu.RomanovskiiMP.Sprint2.Task2.V4.Lib\Tyuiu.RomanovskiiMP.Sprint2.Task2.V4.Lib.csproj", "{EFA5D671-B2E9-4464-BC20-A349A0868C03}"
EndProject
Project("{FAE04EC0-301F-11D3-BF4B-00C04F79EFBC}") = "Tyuiu.RomanovskiiMP.Sprint2.Task2.V4.Test", "Tyuiu.RomanovskiiMP.Sprint2.Task2.V4.Test\Tyuiu.RomanovskiiMP.Sprint2.Task2.V4.Test.csproj", "{BBF7C382-18DA-4379-AA8A-ED8D227C22E8}"
EndProject
Project("{FAE04EC0-301F-11D3-BF4B-00C04F79EFBC}") = "Tyuiu.RomanovskiiMP.Sprint2.Task2.V4", "Tyuiu.RomanovskiiMP.Sprint2.Task2.V4\Tyuiu.RomanovskiiMP.Sprint2.Task2.V4.csproj", "{C33A92BE-A9FB-4AED-B1E0-81472CCDDAB7}"
EndProject
Project("{FAE04EC0-301F-11D3-BF4B-00C04F79EFBC}") = "Tyuiu.RomanovskiiMP.Sprint2.Task3.V4.Test", "Tyuiu.RomanovskiiMP.Sprint2.Task3.V4.Test\Tyuiu.RomanovskiiMP.Sprint2.Task3.V4.Test.csproj", "{A026AE54-CE38-45D4-9F21-10B84E458031}"
EndProject
Project("{FAE04EC0-301F-11D3-BF4B-00C04F79EFBC}") = "Tyuiu.RomanovskiiMP.Sprint2.Task3.V4.Lib", "Tyuiu.RomanovskiiMP.Sprint2.Task3.V4.Lib\Tyuiu.RomanovskiiMP.Sprint2.Task3.V4.Lib.csproj", "{B69D8C5B-4EF2-4E31-BDAB-912194947AB6}"
EndProject
Project("{FAE04EC0-301F-11D3-BF4B-00C04F79EFBC}") = "Tyuiu.RomanovskiiMP.Sprint2.Task3.V4", "Tyuiu.RomanovskiiMP.Sprint2.Task3.V4\Tyuiu.RomanovskiiMP.Sprint2.Task3.V4.csproj", "{011A0114-69A5-4125-9DBA-AC2AE63EA09E}"
EndProject
Project("{FAE04EC0-301F-11D3-BF4B-00C04F79EFBC}") = "Tyuiu.RomanovskiiMP.Sprint2.Task4.V28.Lib", "Tyuiu.RomanovskiiMP.Sprint2.Task4.V28.Lib\Tyuiu.RomanovskiiMP.Sprint2.Task4.V28.Lib.csproj", "{B8C88620-6E7D-4BED-BC71-3970DE90445D}"
EndProject
Project("{FAE04EC0-301F-11D3-BF4B-00C04F79EFBC}") = "Tyuiu.RomanovskiiMP.Sprint2.Task4.V28.Test", "Tyuiu.RomanovskiiMP.Sprint2.Task4.V28.Test\Tyuiu.RomanovskiiMP.Sprint2.Task4.V28.Test.csproj", "{CC048A5D-E476-4B5F-994A-7A6A0297B0EC}"
EndProject
Project("{FAE04EC0-301F-11D3-BF4B-00C04F79EFBC}") = "Tyuiu.RomanovskiiMP.Sprint2.Task4.V28", "Tyuiu.RomanovskiiMP.Sprint2.Task4.V28\Tyuiu.RomanovskiiMP.Sprint2.Task4.V28.csproj", "{C6E9420A-62E3-47A8-8CE4-1F6DD8F6C7B4}"
EndProject
Project("{FAE04EC0-301F-11D3-BF4B-00C04F79EFBC}") = "Tyuiu.RomanovskiiMP.Sprint2.Task5.V14.Lib", "Tyuiu.RomanovskiiMP.Sprint2.Task5.V14.Lib\Tyuiu.RomanovskiiMP.Sprint2.Task5.V14.Lib.csproj", "{9A5BA53F-A0E7-4B1D-82D7-C29B6D73E96B}"
EndProject
Project("{FAE04EC0-301F-11D3-BF4B-00C04F79EFBC}") = "Tyuiu.RomanovskiiMP.Sprint2.Task5.V14", "Tyuiu.RomanovskiiMP.Sprint2.Task5.V14\Tyuiu.RomanovskiiMP.Sprint2.Task5.V14.csproj", "{6F602971-070B-4665-8062-EABCFAB020C0}"
EndProject
Project("{FAE04EC0-301F-11D3-BF4B-00C04F79EFBC}") = "Tyuiu.RomanovskiiMP.Sprint2.Task5.V14.Test", "Tyuiu.RomanovskiiMP.Sprint2.Task5.V14.Test\Tyuiu.RomanovskiiMP.Sprint2.Task5.V14.Test.csproj", "{103BD0EB-E3BF-4457-9109-34D56199C634}"
EndProject
Project("{FAE04EC0-301F-11D3-BF4B-00C04F79EFBC}") = "Tyuiu.RomanovskiiMP.Sprint2.Task6.V12.Lib", "Tyuiu.RomanovskiiMP.Sprint2.Task6.V12.Lib\Tyuiu.RomanovskiiMP.Sprint2.Task6.V12.Lib.csproj", "{128A99B6-6A31-4650-BAC1-72136C34C907}"
EndProject
Project("{FAE04EC0-301F-11D3-BF4B-00C04F79EFBC}") = "Tyuiu.RomanovskiiMP.Sprint2.Task6.V12", "Tyuiu.RomanovskiiMP.Sprint2.Task6.V12\Tyuiu.RomanovskiiMP.Sprint2.Task6.V12.csproj", "{52392918-269E-45F8-9C7F-BC60D9945606}"
EndProject
Project("{FAE04EC0-301F-11D3-BF4B-00C04F79EFBC}") = "Tyuiu.RomanovskiiMP.Sprint2.Task6.V12.Test", "Tyuiu.RomanovskiiMP.Sprint2.Task6.V12.Test\Tyuiu.RomanovskiiMP.Sprint2.Task6.V12.Test.csproj", "{8E6DF8CF-760B-4035-9D68-02D711F43D49}"
EndProject
Project("{FAE04EC0-301F-11D3-BF4B-00C04F79EFBC}") = "Tyuiu.RomanovskiiMP.Sprint2.Task7.V2.Lib", "Tyuiu.RomanovskiiMP.Sprint2.Task7.V2.Lib\Tyuiu.RomanovskiiMP.Sprint2.Task7.V2.Lib.csproj", "{3665219D-ABE1-47E1-96BC-700DC3BAC738}"
EndProject
Project("{FAE04EC0-301F-11D3-BF4B-00C04F79EFBC}") = "Tyuiu.RomanovskiiMP.Sprint2.Task7.V2.Test", "Tyuiu.RomanovskiiMP.Sprint2.Task7.V2.Test\Tyuiu.RomanovskiiMP.Sprint2.Task7.V2.Test.csproj", "{925B8BF8-FAE2-4D55-ABBD-D0D61A74B4F6}"
EndProject
Project("{FAE04EC0-301F-11D3-BF4B-00C04F79EFBC}") = "Tyuiu.RomanovskiiMP.Sprint2.Task7.V2", "Tyuiu.RomanovskiiMP.Sprint2.Task7.V2\Tyuiu.RomanovskiiMP.Sprint2.Task7.V2.csproj", "{85024B29-D031-437E-B1AE-7FAD8D9F912F}"
EndProject
Global
	GlobalSection(SolutionConfigurationPlatforms) = preSolution
		Debug|Any CPU = Debug|Any CPU
		Release|Any CPU = Release|Any CPU
	EndGlobalSection
	GlobalSection(ProjectConfigurationPlatforms) = postSolution
		{24B98485-0DE3-44E4-A6F0-D331211754B2}.Debug|Any CPU.ActiveCfg = Debug|Any CPU
		{24B98485-0DE3-44E4-A6F0-D331211754B2}.Debug|Any CPU.Build.0 = Debug|Any CPU
		{24B98485-0DE3-44E4-A6F0-D331211754B2}.Release|Any CPU.ActiveCfg = Release|Any CPU
		{24B98485-0DE3-44E4-A6F0-D331211754B2}.Release|Any CPU.Build.0 = Release|Any CPU
		{37A99CB4-226E-490A-96BE-011F9C65A4A5}.Debug|Any CPU.ActiveCfg = Debug|Any CPU
		{37A99CB4-226E-490A-96BE-011F9C65A4A5}.Debug|Any CPU.Build.0 = Debug|Any CPU
		{37A99CB4-226E-490A-96BE-011F9C65A4A5}.Release|Any CPU.ActiveCfg = Release|Any CPU
		{37A99CB4-226E-490A-96BE-011F9C65A4A5}.Release|Any CPU.Build.0 = Release|Any CPU
		{88DAB088-F46F-4690-A4F4-0E258993B187}.Debug|Any CPU.ActiveCfg = Debug|Any CPU
		{88DAB088-F46F-4690-A4F4-0E258993B187}.Debug|Any CPU.Build.0 = Debug|Any CPU
		{88DAB088-F46F-4690-A4F4-0E258993B187}.Release|Any CPU.ActiveCfg = Release|Any CPU
		{88DAB088-F46F-4690-A4F4-0E258993B187}.Release|Any CPU.Build.0 = Release|Any CPU
		{97453E19-1F30-44DD-BBE7-FE89FF65365C}.Debug|Any CPU.ActiveCfg = Debug|Any CPU
		{97453E19-1F30-44DD-BBE7-FE89FF65365C}.Debug|Any CPU.Build.0 = Debug|Any CPU
		{97453E19-1F30-44DD-BBE7-FE89FF65365C}.Release|Any CPU.ActiveCfg = Release|Any CPU
		{97453E19-1F30-44DD-BBE7-FE89FF65365C}.Release|Any CPU.Build.0 = Release|Any CPU
		{FDFCA5E3-508E-462A-9435-993141E09CA3}.Debug|Any CPU.ActiveCfg = Debug|Any CPU
		{FDFCA5E3-508E-462A-9435-993141E09CA3}.Debug|Any CPU.Build.0 = Debug|Any CPU
		{FDFCA5E3-508E-462A-9435-993141E09CA3}.Release|Any CPU.ActiveCfg = Release|Any CPU
		{FDFCA5E3-508E-462A-9435-993141E09CA3}.Release|Any CPU.Build.0 = Release|Any CPU
		{908036B8-3292-4023-A21F-39C2CCF78DB2}.Debug|Any CPU.ActiveCfg = Debug|Any CPU
		{908036B8-3292-4023-A21F-39C2CCF78DB2}.Debug|Any CPU.Build.0 = Debug|Any CPU
		{908036B8-3292-4023-A21F-39C2CCF78DB2}.Release|Any CPU.ActiveCfg = Release|Any CPU
		{908036B8-3292-4023-A21F-39C2CCF78DB2}.Release|Any CPU.Build.0 = Release|Any CPU
		{EFA5D671-B2E9-4464-BC20-A349A0868C03}.Debug|Any CPU.ActiveCfg = Debug|Any CPU
		{EFA5D671-B2E9-4464-BC20-A349A0868C03}.Debug|Any CPU.Build.0 = Debug|Any CPU
		{EFA5D671-B2E9-4464-BC20-A349A0868C03}.Release|Any CPU.ActiveCfg = Release|Any CPU
		{EFA5D671-B2E9-4464-BC20-A349A0868C03}.Release|Any CPU.Build.0 = Release|Any CPU
		{BBF7C382-18DA-4379-AA8A-ED8D227C22E8}.Debug|Any CPU.ActiveCfg = Debug|Any CPU
		{BBF7C382-18DA-4379-AA8A-ED8D227C22E8}.Debug|Any CPU.Build.0 = Debug|Any CPU
		{BBF7C382-18DA-4379-AA8A-ED8D227C22E8}.Release|Any CPU.ActiveCfg = Release|Any CPU
		{BBF7C382-18DA-4379-AA8A-ED8D227C22E8}.Release|Any CPU.Build.0 = Release|Any CPU
		{C33A92BE-A9FB-4AED-B1E0-81472CCDDAB7}.Debug|Any CPU.ActiveCfg = Debug|Any CPU
		{C33A92BE-A9FB-4AED-B1E0-81472CCDDAB7}.Debug|Any CPU.Build.0 = Debug|Any CPU
		{C33A92BE-A9FB-4AED-B1E0-81472CCDDAB7}.Release|Any CPU.ActiveCfg = Release|Any CPU
		{C33A92BE-A9FB-4AED-B1E0-81472CCDDAB7}.Release|Any CPU.Build.0 = Release|Any CPU
		{A026AE54-CE38-45D4-9F21-10B84E458031}.Debug|Any CPU.ActiveCfg = Debug|Any CPU
		{A026AE54-CE38-45D4-9F21-10B84E458031}.Debug|Any CPU.Build.0 = Debug|Any CPU
		{A026AE54-CE38-45D4-9F21-10B84E458031}.Release|Any CPU.ActiveCfg = Release|Any CPU
		{A026AE54-CE38-45D4-9F21-10B84E458031}.Release|Any CPU.Build.0 = Release|Any CPU
		{B69D8C5B-4EF2-4E31-BDAB-912194947AB6}.Debug|Any CPU.ActiveCfg = Debug|Any CPU
		{B69D8C5B-4EF2-4E31-BDAB-912194947AB6}.Debug|Any CPU.Build.0 = Debug|Any CPU
		{B69D8C5B-4EF2-4E31-BDAB-912194947AB6}.Release|Any CPU.ActiveCfg = Release|Any CPU
		{B69D8C5B-4EF2-4E31-BDAB-912194947AB6}.Release|Any CPU.Build.0 = Release|Any CPU
		{011A0114-69A5-4125-9DBA-AC2AE63EA09E}.Debug|Any CPU.ActiveCfg = Debug|Any CPU
		{011A0114-69A5-4125-9DBA-AC2AE63EA09E}.Debug|Any CPU.Build.0 = Debug|Any CPU
		{011A0114-69A5-4125-9DBA-AC2AE63EA09E}.Release|Any CPU.ActiveCfg = Release|Any CPU
		{011A0114-69A5-4125-9DBA-AC2AE63EA09E}.Release|Any CPU.Build.0 = Release|Any CPU
		{B8C88620-6E7D-4BED-BC71-3970DE90445D}.Debug|Any CPU.ActiveCfg = Debug|Any CPU
		{B8C88620-6E7D-4BED-BC71-3970DE90445D}.Debug|Any CPU.Build.0 = Debug|Any CPU
		{B8C88620-6E7D-4BED-BC71-3970DE90445D}.Release|Any CPU.ActiveCfg = Release|Any CPU
		{B8C88620-6E7D-4BED-BC71-3970DE90445D}.Release|Any CPU.Build.0 = Release|Any CPU
		{CC048A5D-E476-4B5F-994A-7A6A0297B0EC}.Debug|Any CPU.ActiveCfg = Debug|Any CPU
		{CC048A5D-E476-4B5F-994A-7A6A0297B0EC}.Debug|Any CPU.Build.0 = Debug|Any CPU
		{CC048A5D-E476-4B5F-994A-7A6A0297B0EC}.Release|Any CPU.ActiveCfg = Release|Any CPU
		{CC048A5D-E476-4B5F-994A-7A6A0297B0EC}.Release|Any CPU.Build.0 = Release|Any CPU
		{C6E9420A-62E3-47A8-8CE4-1F6DD8F6C7B4}.Debug|Any CPU.ActiveCfg = Debug|Any CPU
		{C6E9420A-62E3-47A8-8CE4-1F6DD8F6C7B4}.Debug|Any CPU.Build.0 = Debug|Any CPU
		{C6E9420A-62E3-47A8-8CE4-1F6DD8F6C7B4}.Release|Any CPU.ActiveCfg = Release|Any CPU
		{C6E9420A-62E3-47A8-8CE4-1F6DD8F6C7B4}.Release|Any CPU.Build.0 = Release|Any CPU
		{9A5BA53F-A0E7-4B1D-82D7-C29B6D73E96B}.Debug|Any CPU.ActiveCfg = Debug|Any CPU
		{9A5BA53F-A0E7-4B1D-82D7-C29B6D73E96B}.Debug|Any CPU.Build.0 = Debug|Any CPU
		{9A5BA53F-A0E7-4B1D-82D7-C29B6D73E96B}.Release|Any CPU.ActiveCfg = Release|Any CPU
		{9A5BA53F-A0E7-4B1D-82D7-C29B6D73E96B}.Release|Any CPU.Build.0 = Release|Any CPU
		{6F602971-070B-4665-8062-EABCFAB020C0}.Debug|Any CPU.ActiveCfg = Debug|Any CPU
		{6F602971-070B-4665-8062-EABCFAB020C0}.Debug|Any CPU.Build.0 = Debug|Any CPU
		{6F602971-070B-4665-8062-EABCFAB020C0}.Release|Any CPU.ActiveCfg = Release|Any CPU
		{6F602971-070B-4665-8062-EABCFAB020C0}.Release|Any CPU.Build.0 = Release|Any CPU
		{103BD0EB-E3BF-4457-9109-34D56199C634}.Debug|Any CPU.ActiveCfg = Debug|Any CPU
		{103BD0EB-E3BF-4457-9109-34D56199C634}.Debug|Any CPU.Build.0 = Debug|Any CPU
		{103BD0EB-E3BF-4457-9109-34D56199C634}.Release|Any CPU.ActiveCfg = Release|Any CPU
		{103BD0EB-E3BF-4457-9109-34D56199C634}.Release|Any CPU.Build.0 = Release|Any CPU
		{128A99B6-6A31-4650-BAC1-72136C34C907}.Debug|Any CPU.ActiveCfg = Debug|Any CPU
		{128A99B6-6A31-4650-BAC1-72136C34C907}.Debug|Any CPU.Build.0 = Debug|Any CPU
		{128A99B6-6A31-4650-BAC1-72136C34C907}.Release|Any CPU.ActiveCfg = Release|Any CPU
		{128A99B6-6A31-4650-BAC1-72136C34C907}.Release|Any CPU.Build.0 = Release|Any CPU
		{52392918-269E-45F8-9C7F-BC60D9945606}.Debug|Any CPU.ActiveCfg = Debug|Any CPU
		{52392918-269E-45F8-9C7F-BC60D9945606}.Debug|Any CPU.Build.0 = Debug|Any CPU
		{52392918-269E-45F8-9C7F-BC60D9945606}.Release|Any CPU.ActiveCfg = Release|Any CPU
		{52392918-269E-45F8-9C7F-BC60D9945606}.Release|Any CPU.Build.0 = Release|Any CPU
		{8E6DF8CF-760B-4035-9D68-02D711F43D49}.Debug|Any CPU.ActiveCfg = Debug|Any CPU
		{8E6DF8CF-760B-4035-9D68-02D711F43D49}.Debug|Any CPU.Build.0 = Debug|Any CPU
		{8E6DF8CF-760B-4035-9D68-02D711F43D49}.Release|Any CPU.ActiveCfg = Release|Any CPU
		{8E6DF8CF-760B-4035-9D68-02D711F43D49}.Release|Any CPU.Build.0 = Release|Any CPU
		{3665219D-ABE1-47E1-96BC-700DC3BAC738}.Debug|Any CPU.ActiveCfg = Debug|Any CPU
		{3665219D-ABE1-47E1-96BC-700DC3BAC738}.Debug|Any CPU.Build.0 = Debug|Any CPU
		{3665219D-ABE1-47E1-96BC-700DC3BAC738}.Release|Any CPU.ActiveCfg = Release|Any CPU
		{3665219D-ABE1-47E1-96BC-700DC3BAC738}.Release|Any CPU.Build.0 = Release|Any CPU
		{925B8BF8-FAE2-4D55-ABBD-D0D61A74B4F6}.Debug|Any CPU.ActiveCfg = Debug|Any CPU
		{925B8BF8-FAE2-4D55-ABBD-D0D61A74B4F6}.Debug|Any CPU.Build.0 = Debug|Any CPU
		{925B8BF8-FAE2-4D55-ABBD-D0D61A74B4F6}.Release|Any CPU.ActiveCfg = Release|Any CPU
		{925B8BF8-FAE2-4D55-ABBD-D0D61A74B4F6}.Release|Any CPU.Build.0 = Release|Any CPU
		{85024B29-D031-437E-B1AE-7FAD8D9F912F}.Debug|Any CPU.ActiveCfg = Debug|Any CPU
		{85024B29-D031-437E-B1AE-7FAD8D9F912F}.Debug|Any CPU.Build.0 = Debug|Any CPU
		{85024B29-D031-437E-B1AE-7FAD8D9F912F}.Release|Any CPU.ActiveCfg = Release|Any CPU
		{85024B29-D031-437E-B1AE-7FAD8D9F912F}.Release|Any CPU.Build.0 = Release|Any CPU
	EndGlobalSection
	GlobalSection(SolutionProperties) = preSolution
		HideSolutionNode = FALSE
	EndGlobalSection
	GlobalSection(NestedProjects) = preSolution
		{24B98485-0DE3-44E4-A6F0-D331211754B2} = {02EA681E-C7D8-13C7-8484-4AC65E1B71E8}
		{37A99CB4-226E-490A-96BE-011F9C65A4A5} = {02EA681E-C7D8-13C7-8484-4AC65E1B71E8}
		{88DAB088-F46F-4690-A4F4-0E258993B187} = {02EA681E-C7D8-13C7-8484-4AC65E1B71E8}
		{97453E19-1F30-44DD-BBE7-FE89FF65365C} = {2E4236F4-1DF5-43BC-AA8F-3A876F93DFDC}
		{FDFCA5E3-508E-462A-9435-993141E09CA3} = {2E4236F4-1DF5-43BC-AA8F-3A876F93DFDC}
		{908036B8-3292-4023-A21F-39C2CCF78DB2} = {2E4236F4-1DF5-43BC-AA8F-3A876F93DFDC}
		{EFA5D671-B2E9-4464-BC20-A349A0868C03} = {369CB01D-A1A7-72D2-AABC-3F0945D148A2}
		{BBF7C382-18DA-4379-AA8A-ED8D227C22E8} = {369CB01D-A1A7-72D2-AABC-3F0945D148A2}
		{C33A92BE-A9FB-4AED-B1E0-81472CCDDAB7} = {369CB01D-A1A7-72D2-AABC-3F0945D148A2}
		{A026AE54-CE38-45D4-9F21-10B84E458031} = {1670470B-4B64-725C-D0F7-3206B6B2A88E}
		{B69D8C5B-4EF2-4E31-BDAB-912194947AB6} = {1670470B-4B64-725C-D0F7-3206B6B2A88E}
		{011A0114-69A5-4125-9DBA-AC2AE63EA09E} = {1670470B-4B64-725C-D0F7-3206B6B2A88E}
		{B8C88620-6E7D-4BED-BC71-3970DE90445D} = {407CAF19-D506-2637-4B8A-F4DE78C81282}
		{CC048A5D-E476-4B5F-994A-7A6A0297B0EC} = {407CAF19-D506-2637-4B8A-F4DE78C81282}
		{C6E9420A-62E3-47A8-8CE4-1F6DD8F6C7B4} = {407CAF19-D506-2637-4B8A-F4DE78C81282}
		{9A5BA53F-A0E7-4B1D-82D7-C29B6D73E96B} = {5835D766-9847-1D08-5E95-5A99FD0F495D}
		{6F602971-070B-4665-8062-EABCFAB020C0} = {5835D766-9847-1D08-5E95-5A99FD0F495D}
		{103BD0EB-E3BF-4457-9109-34D56199C634} = {5835D766-9847-1D08-5E95-5A99FD0F495D}
		{128A99B6-6A31-4650-BAC1-72136C34C907} = {643747C7-0307-8931-84D8-A7D1915E22E5}
		{52392918-269E-45F8-9C7F-BC60D9945606} = {643747C7-0307-8931-84D8-A7D1915E22E5}
		{8E6DF8CF-760B-4035-9D68-02D711F43D49} = {643747C7-0307-8931-84D8-A7D1915E22E5}
		{3665219D-ABE1-47E1-96BC-700DC3BAC738} = {7DC331D0-3EC4-40A6-69FB-1CBEB2E0D1EA}
		{925B8BF8-FAE2-4D55-ABBD-D0D61A74B4F6} = {7DC331D0-3EC4-40A6-69FB-1CBEB2E0D1EA}
		{85024B29-D031-437E-B1AE-7FAD8D9F912F} = {7DC331D0-3EC4-40A6-69FB-1CBEB2E0D1EA}
	EndGlobalSection
	GlobalSection(ExtensibilityGlobals) = postSolution
		SolutionGuid = {801C723F-4931-431D-8BFE-6515AAEDC754}
	EndGlobalSection
EndGlobal
